
Microsoft Visual Studio Solution File, Format Version 12.00
Project("{FAE04EC0-301F-11D3-BF4B-00C04F79EFBC}") = "PaymentOrchestratorService", "PaymentOrchestratorService\PaymentOrchestratorService.csproj", "{C6EF0F3E-C9DF-433A-8B26-D9E0263CE36D}"
EndProject
Project("{FAE04EC0-301F-11D3-BF4B-00C04F79EFBC}") = "CheckReader", "Libraries\CheckReader\CheckReader.csproj", "{43C94ACE-7D2D-4727-B981-D047CD93F33C}"
EndProject
Project("{FAE04EC0-301F-11D3-BF4B-00C04F79EFBC}") = "CheckReader.Tests", "Libraries\CheckReader.Tests\CheckReader.Tests.csproj", "{0959DBE1-C614-4FF5-8BDF-91A04265C0EE}"
EndProject
Project("{2150E333-8FDC-42A3-9474-1A3956D46DE8}") = "Libraries", "Libraries", "{2144AE44-1CE7-4615-8EAD-A2D4B5510EE5}"
EndProject
Project("{2150E333-8FDC-42A3-9474-1A3956D46DE8}") = "PaymentConsumers", "PaymentConsumers", "{6F861892-B3A0-4BEA-B131-0D67ADEB9E94}"
EndProject
Project("{FAE04EC0-301F-11D3-BF4B-00C04F79EFBC}") = "CheckService", "PaymentConsumers\CheckService\CheckService.csproj", "{BC7287C9-7263-47FC-89AA-B66155B29BAA}"
EndProject
Project("{FAE04EC0-301F-11D3-BF4B-00C04F79EFBC}") = "CardService", "PaymentConsumers\CardService\CardService.csproj", "{8FC3A4AA-2ADE-4E3B-B87C-ACBD2A2B3243}"
EndProject
Project("{FAE04EC0-301F-11D3-BF4B-00C04F79EFBC}") = "CheckService.Tests", "PaymentConsumers\CheckService.Tests\CheckService.Tests.csproj", "{D4F7B3C1-8E2A-4D9C-A7F1-3C5E8D2F9A4B}"
EndProject
Project("{2150E333-8FDC-42A3-9474-1A3956D46DE8}") = "InfrastructureServices", "InfrastructureServices", "{46AA9E2C-4DE1-4410-993B-BB42808D321A}"
EndProject
Project("{FAE04EC0-301F-11D3-BF4B-00C04F79EFBC}") = "NotificationService", "InfrastructureServices\NotificationService\NotificationService.csproj", "{8A5C607A-DB3F-4483-8622-F6A34415AACF}"
EndProject
Project("{FAE04EC0-301F-11D3-BF4B-00C04F79EFBC}") = "LedgerService", "InfrastructureServices\LedgerService\LedgerService.csproj", "{5EA322F7-FCB8-44B8-860E-61C571CAD28A}"
EndProject
Project("{FAE04EC0-301F-11D3-BF4B-00C04F79EFBC}") = "NotificationService.Tests", "InfrastructureServices\NotificationService.Tests\NotificationService.Tests.csproj", "{A8F9E1D2-7C4B-4E9A-B2D3-5F6A8C9E1D4F}"
EndProject
Project("{2150E333-8FDC-42A3-9474-1A3956D46DE8}") = "A. Solution Items", "A. Solution Items", "{87B6187F-1161-458F-99AB-ECD0A5FD39CD}"
	ProjectSection(SolutionItems) = preProject
		.dockerignore = .dockerignore
		.gitignore = .gitignore
		CLAUDE.md = CLAUDE.md
	EndProjectSection
EndProject
Project("{FAE04EC0-301F-11D3-BF4B-00C04F79EFBC}") = "CustomerApi", "InfrastructureServices\CustomerApi\CustomerApi.csproj", "{4AC37E0B-5C06-4B42-B2D4-C0D169F665FF}"
EndProject
Project("{FAE04EC0-301F-11D3-BF4B-00C04F79EFBC}") = "LedgerService.Tests", "InfrastructureServices\LedgerService.Tests\LedgerService.Tests.csproj", "{2549C33B-912C-40B2-BD59-C9EA2502A50E}"
EndProject
Global
	GlobalSection(SolutionConfigurationPlatforms) = preSolution
		Debug|Any CPU = Debug|Any CPU
		Debug|x64 = Debug|x64
		Debug|x86 = Debug|x86
		Release|Any CPU = Release|Any CPU
		Release|x64 = Release|x64
		Release|x86 = Release|x86
	EndGlobalSection
	GlobalSection(ProjectConfigurationPlatforms) = postSolution
		{C6EF0F3E-C9DF-433A-8B26-D9E0263CE36D}.Debug|Any CPU.ActiveCfg = Debug|Any CPU
		{C6EF0F3E-C9DF-433A-8B26-D9E0263CE36D}.Debug|Any CPU.Build.0 = Debug|Any CPU
		{C6EF0F3E-C9DF-433A-8B26-D9E0263CE36D}.Debug|x64.ActiveCfg = Debug|Any CPU
		{C6EF0F3E-C9DF-433A-8B26-D9E0263CE36D}.Debug|x64.Build.0 = Debug|Any CPU
		{C6EF0F3E-C9DF-433A-8B26-D9E0263CE36D}.Debug|x86.ActiveCfg = Debug|Any CPU
		{C6EF0F3E-C9DF-433A-8B26-D9E0263CE36D}.Debug|x86.Build.0 = Debug|Any CPU
		{C6EF0F3E-C9DF-433A-8B26-D9E0263CE36D}.Release|Any CPU.ActiveCfg = Release|Any CPU
		{C6EF0F3E-C9DF-433A-8B26-D9E0263CE36D}.Release|Any CPU.Build.0 = Release|Any CPU
		{C6EF0F3E-C9DF-433A-8B26-D9E0263CE36D}.Release|x64.ActiveCfg = Release|Any CPU
		{C6EF0F3E-C9DF-433A-8B26-D9E0263CE36D}.Release|x64.Build.0 = Release|Any CPU
		{C6EF0F3E-C9DF-433A-8B26-D9E0263CE36D}.Release|x86.ActiveCfg = Release|Any CPU
		{C6EF0F3E-C9DF-433A-8B26-D9E0263CE36D}.Release|x86.Build.0 = Release|Any CPU
		{43C94ACE-7D2D-4727-B981-D047CD93F33C}.Debug|Any CPU.ActiveCfg = Debug|Any CPU
		{43C94ACE-7D2D-4727-B981-D047CD93F33C}.Debug|Any CPU.Build.0 = Debug|Any CPU
		{43C94ACE-7D2D-4727-B981-D047CD93F33C}.Debug|x64.ActiveCfg = Debug|Any CPU
		{43C94ACE-7D2D-4727-B981-D047CD93F33C}.Debug|x64.Build.0 = Debug|Any CPU
		{43C94ACE-7D2D-4727-B981-D047CD93F33C}.Debug|x86.ActiveCfg = Debug|Any CPU
		{43C94ACE-7D2D-4727-B981-D047CD93F33C}.Debug|x86.Build.0 = Debug|Any CPU
		{43C94ACE-7D2D-4727-B981-D047CD93F33C}.Release|Any CPU.ActiveCfg = Release|Any CPU
		{43C94ACE-7D2D-4727-B981-D047CD93F33C}.Release|Any CPU.Build.0 = Release|Any CPU
		{43C94ACE-7D2D-4727-B981-D047CD93F33C}.Release|x64.ActiveCfg = Release|Any CPU
		{43C94ACE-7D2D-4727-B981-D047CD93F33C}.Release|x64.Build.0 = Release|Any CPU
		{43C94ACE-7D2D-4727-B981-D047CD93F33C}.Release|x86.ActiveCfg = Release|Any CPU
		{43C94ACE-7D2D-4727-B981-D047CD93F33C}.Release|x86.Build.0 = Release|Any CPU
		{0959DBE1-C614-4FF5-8BDF-91A04265C0EE}.Debug|Any CPU.ActiveCfg = Debug|Any CPU
		{0959DBE1-C614-4FF5-8BDF-91A04265C0EE}.Debug|Any CPU.Build.0 = Debug|Any CPU
		{0959DBE1-C614-4FF5-8BDF-91A04265C0EE}.Debug|x64.ActiveCfg = Debug|Any CPU
		{0959DBE1-C614-4FF5-8BDF-91A04265C0EE}.Debug|x64.Build.0 = Debug|Any CPU
		{0959DBE1-C614-4FF5-8BDF-91A04265C0EE}.Debug|x86.ActiveCfg = Debug|Any CPU
		{0959DBE1-C614-4FF5-8BDF-91A04265C0EE}.Debug|x86.Build.0 = Debug|Any CPU
		{0959DBE1-C614-4FF5-8BDF-91A04265C0EE}.Release|Any CPU.ActiveCfg = Release|Any CPU
		{0959DBE1-C614-4FF5-8BDF-91A04265C0EE}.Release|Any CPU.Build.0 = Release|Any CPU
		{0959DBE1-C614-4FF5-8BDF-91A04265C0EE}.Release|x64.ActiveCfg = Release|Any CPU
		{0959DBE1-C614-4FF5-8BDF-91A04265C0EE}.Release|x64.Build.0 = Release|Any CPU
		{0959DBE1-C614-4FF5-8BDF-91A04265C0EE}.Release|x86.ActiveCfg = Release|Any CPU
		{0959DBE1-C614-4FF5-8BDF-91A04265C0EE}.Release|x86.Build.0 = Release|Any CPU
		{BC7287C9-7263-47FC-89AA-B66155B29BAA}.Debug|Any CPU.ActiveCfg = Debug|Any CPU
		{BC7287C9-7263-47FC-89AA-B66155B29BAA}.Debug|Any CPU.Build.0 = Debug|Any CPU
		{BC7287C9-7263-47FC-89AA-B66155B29BAA}.Debug|x64.ActiveCfg = Debug|Any CPU
		{BC7287C9-7263-47FC-89AA-B66155B29BAA}.Debug|x64.Build.0 = Debug|Any CPU
		{BC7287C9-7263-47FC-89AA-B66155B29BAA}.Debug|x86.ActiveCfg = Debug|Any CPU
		{BC7287C9-7263-47FC-89AA-B66155B29BAA}.Debug|x86.Build.0 = Debug|Any CPU
		{BC7287C9-7263-47FC-89AA-B66155B29BAA}.Release|Any CPU.ActiveCfg = Release|Any CPU
		{BC7287C9-7263-47FC-89AA-B66155B29BAA}.Release|Any CPU.Build.0 = Release|Any CPU
		{BC7287C9-7263-47FC-89AA-B66155B29BAA}.Release|x64.ActiveCfg = Release|Any CPU
		{BC7287C9-7263-47FC-89AA-B66155B29BAA}.Release|x64.Build.0 = Release|Any CPU
		{BC7287C9-7263-47FC-89AA-B66155B29BAA}.Release|x86.ActiveCfg = Release|Any CPU
		{BC7287C9-7263-47FC-89AA-B66155B29BAA}.Release|x86.Build.0 = Release|Any CPU
		{8FC3A4AA-2ADE-4E3B-B87C-ACBD2A2B3243}.Debug|Any CPU.ActiveCfg = Debug|Any CPU
		{8FC3A4AA-2ADE-4E3B-B87C-ACBD2A2B3243}.Debug|Any CPU.Build.0 = Debug|Any CPU
		{8FC3A4AA-2ADE-4E3B-B87C-ACBD2A2B3243}.Debug|x64.ActiveCfg = Debug|Any CPU
		{8FC3A4AA-2ADE-4E3B-B87C-ACBD2A2B3243}.Debug|x64.Build.0 = Debug|Any CPU
		{8FC3A4AA-2ADE-4E3B-B87C-ACBD2A2B3243}.Debug|x86.ActiveCfg = Debug|Any CPU
		{8FC3A4AA-2ADE-4E3B-B87C-ACBD2A2B3243}.Debug|x86.Build.0 = Debug|Any CPU
		{8FC3A4AA-2ADE-4E3B-B87C-ACBD2A2B3243}.Release|Any CPU.ActiveCfg = Release|Any CPU
		{8FC3A4AA-2ADE-4E3B-B87C-ACBD2A2B3243}.Release|Any CPU.Build.0 = Release|Any CPU
		{8FC3A4AA-2ADE-4E3B-B87C-ACBD2A2B3243}.Release|x64.ActiveCfg = Release|Any CPU
		{8FC3A4AA-2ADE-4E3B-B87C-ACBD2A2B3243}.Release|x64.Build.0 = Release|Any CPU
		{8FC3A4AA-2ADE-4E3B-B87C-ACBD2A2B3243}.Release|x86.ActiveCfg = Release|Any CPU
		{8FC3A4AA-2ADE-4E3B-B87C-ACBD2A2B3243}.Release|x86.Build.0 = Release|Any CPU
		{D4F7B3C1-8E2A-4D9C-A7F1-3C5E8D2F9A4B}.Debug|Any CPU.ActiveCfg = Debug|Any CPU
		{D4F7B3C1-8E2A-4D9C-A7F1-3C5E8D2F9A4B}.Debug|Any CPU.Build.0 = Debug|Any CPU
		{D4F7B3C1-8E2A-4D9C-A7F1-3C5E8D2F9A4B}.Debug|x64.ActiveCfg = Debug|Any CPU
		{D4F7B3C1-8E2A-4D9C-A7F1-3C5E8D2F9A4B}.Debug|x64.Build.0 = Debug|Any CPU
		{D4F7B3C1-8E2A-4D9C-A7F1-3C5E8D2F9A4B}.Debug|x86.ActiveCfg = Debug|Any CPU
		{D4F7B3C1-8E2A-4D9C-A7F1-3C5E8D2F9A4B}.Debug|x86.Build.0 = Debug|Any CPU
		{D4F7B3C1-8E2A-4D9C-A7F1-3C5E8D2F9A4B}.Release|Any CPU.ActiveCfg = Release|Any CPU
		{D4F7B3C1-8E2A-4D9C-A7F1-3C5E8D2F9A4B}.Release|Any CPU.Build.0 = Release|Any CPU
		{D4F7B3C1-8E2A-4D9C-A7F1-3C5E8D2F9A4B}.Release|x64.ActiveCfg = Release|Any CPU
		{D4F7B3C1-8E2A-4D9C-A7F1-3C5E8D2F9A4B}.Release|x64.Build.0 = Release|Any CPU
		{D4F7B3C1-8E2A-4D9C-A7F1-3C5E8D2F9A4B}.Release|x86.ActiveCfg = Release|Any CPU
		{D4F7B3C1-8E2A-4D9C-A7F1-3C5E8D2F9A4B}.Release|x86.Build.0 = Release|Any CPU
		{8A5C607A-DB3F-4483-8622-F6A34415AACF}.Debug|Any CPU.ActiveCfg = Debug|Any CPU
		{8A5C607A-DB3F-4483-8622-F6A34415AACF}.Debug|Any CPU.Build.0 = Debug|Any CPU
		{8A5C607A-DB3F-4483-8622-F6A34415AACF}.Debug|x64.ActiveCfg = Debug|Any CPU
		{8A5C607A-DB3F-4483-8622-F6A34415AACF}.Debug|x64.Build.0 = Debug|Any CPU
		{8A5C607A-DB3F-4483-8622-F6A34415AACF}.Debug|x86.ActiveCfg = Debug|Any CPU
		{8A5C607A-DB3F-4483-8622-F6A34415AACF}.Debug|x86.Build.0 = Debug|Any CPU
		{8A5C607A-DB3F-4483-8622-F6A34415AACF}.Release|Any CPU.ActiveCfg = Release|Any CPU
		{8A5C607A-DB3F-4483-8622-F6A34415AACF}.Release|Any CPU.Build.0 = Release|Any CPU
		{8A5C607A-DB3F-4483-8622-F6A34415AACF}.Release|x64.ActiveCfg = Release|Any CPU
		{8A5C607A-DB3F-4483-8622-F6A34415AACF}.Release|x64.Build.0 = Release|Any CPU
		{8A5C607A-DB3F-4483-8622-F6A34415AACF}.Release|x86.ActiveCfg = Release|Any CPU
		{8A5C607A-DB3F-4483-8622-F6A34415AACF}.Release|x86.Build.0 = Release|Any CPU
		{5EA322F7-FCB8-44B8-860E-61C571CAD28A}.Debug|Any CPU.ActiveCfg = Debug|Any CPU
		{5EA322F7-FCB8-44B8-860E-61C571CAD28A}.Debug|Any CPU.Build.0 = Debug|Any CPU
		{5EA322F7-FCB8-44B8-860E-61C571CAD28A}.Debug|x64.ActiveCfg = Debug|Any CPU
		{5EA322F7-FCB8-44B8-860E-61C571CAD28A}.Debug|x64.Build.0 = Debug|Any CPU
		{5EA322F7-FCB8-44B8-860E-61C571CAD28A}.Debug|x86.ActiveCfg = Debug|Any CPU
		{5EA322F7-FCB8-44B8-860E-61C571CAD28A}.Debug|x86.Build.0 = Debug|Any CPU
		{5EA322F7-FCB8-44B8-860E-61C571CAD28A}.Release|Any CPU.ActiveCfg = Release|Any CPU
		{5EA322F7-FCB8-44B8-860E-61C571CAD28A}.Release|Any CPU.Build.0 = Release|Any CPU
		{5EA322F7-FCB8-44B8-860E-61C571CAD28A}.Release|x64.ActiveCfg = Release|Any CPU
		{5EA322F7-FCB8-44B8-860E-61C571CAD28A}.Release|x64.Build.0 = Release|Any CPU
		{5EA322F7-FCB8-44B8-860E-61C571CAD28A}.Release|x86.ActiveCfg = Release|Any CPU
		{5EA322F7-FCB8-44B8-860E-61C571CAD28A}.Release|x86.Build.0 = Release|Any CPU
		{A8F9E1D2-7C4B-4E9A-B2D3-5F6A8C9E1D4F}.Debug|Any CPU.ActiveCfg = Debug|Any CPU
		{A8F9E1D2-7C4B-4E9A-B2D3-5F6A8C9E1D4F}.Debug|Any CPU.Build.0 = Debug|Any CPU
		{A8F9E1D2-7C4B-4E9A-B2D3-5F6A8C9E1D4F}.Debug|x64.ActiveCfg = Debug|Any CPU
		{A8F9E1D2-7C4B-4E9A-B2D3-5F6A8C9E1D4F}.Debug|x64.Build.0 = Debug|Any CPU
		{A8F9E1D2-7C4B-4E9A-B2D3-5F6A8C9E1D4F}.Debug|x86.ActiveCfg = Debug|Any CPU
		{A8F9E1D2-7C4B-4E9A-B2D3-5F6A8C9E1D4F}.Debug|x86.Build.0 = Debug|Any CPU
		{A8F9E1D2-7C4B-4E9A-B2D3-5F6A8C9E1D4F}.Release|Any CPU.ActiveCfg = Release|Any CPU
		{A8F9E1D2-7C4B-4E9A-B2D3-5F6A8C9E1D4F}.Release|Any CPU.Build.0 = Release|Any CPU
		{A8F9E1D2-7C4B-4E9A-B2D3-5F6A8C9E1D4F}.Release|x64.ActiveCfg = Release|Any CPU
		{A8F9E1D2-7C4B-4E9A-B2D3-5F6A8C9E1D4F}.Release|x64.Build.0 = Release|Any CPU
		{A8F9E1D2-7C4B-4E9A-B2D3-5F6A8C9E1D4F}.Release|x86.ActiveCfg = Release|Any CPU
		{A8F9E1D2-7C4B-4E9A-B2D3-5F6A8C9E1D4F}.Release|x86.Build.0 = Release|Any CPU
		{4AC37E0B-5C06-4B42-B2D4-C0D169F665FF}.Debug|Any CPU.ActiveCfg = Debug|Any CPU
		{4AC37E0B-5C06-4B42-B2D4-C0D169F665FF}.Debug|Any CPU.Build.0 = Debug|Any CPU
		{4AC37E0B-5C06-4B42-B2D4-C0D169F665FF}.Debug|x64.ActiveCfg = Debug|Any CPU
		{4AC37E0B-5C06-4B42-B2D4-C0D169F665FF}.Debug|x64.Build.0 = Debug|Any CPU
		{4AC37E0B-5C06-4B42-B2D4-C0D169F665FF}.Debug|x86.ActiveCfg = Debug|Any CPU
		{4AC37E0B-5C06-4B42-B2D4-C0D169F665FF}.Debug|x86.Build.0 = Debug|Any CPU
		{4AC37E0B-5C06-4B42-B2D4-C0D169F665FF}.Release|Any CPU.ActiveCfg = Release|Any CPU
		{4AC37E0B-5C06-4B42-B2D4-C0D169F665FF}.Release|Any CPU.Build.0 = Release|Any CPU
		{4AC37E0B-5C06-4B42-B2D4-C0D169F665FF}.Release|x64.ActiveCfg = Release|Any CPU
		{4AC37E0B-5C06-4B42-B2D4-C0D169F665FF}.Release|x64.Build.0 = Release|Any CPU
		{4AC37E0B-5C06-4B42-B2D4-C0D169F665FF}.Release|x86.ActiveCfg = Release|Any CPU
		{4AC37E0B-5C06-4B42-B2D4-C0D169F665FF}.Release|x86.Build.0 = Release|Any CPU
		{2549C33B-912C-40B2-BD59-C9EA2502A50E}.Debug|Any CPU.ActiveCfg = Debug|Any CPU
		{2549C33B-912C-40B2-BD59-C9EA2502A50E}.Debug|Any CPU.Build.0 = Debug|Any CPU
		{2549C33B-912C-40B2-BD59-C9EA2502A50E}.Debug|x64.ActiveCfg = Debug|Any CPU
		{2549C33B-912C-40B2-BD59-C9EA2502A50E}.Debug|x64.Build.0 = Debug|Any CPU
		{2549C33B-912C-40B2-BD59-C9EA2502A50E}.Debug|x86.ActiveCfg = Debug|Any CPU
		{2549C33B-912C-40B2-BD59-C9EA2502A50E}.Debug|x86.Build.0 = Debug|Any CPU
		{2549C33B-912C-40B2-BD59-C9EA2502A50E}.Release|Any CPU.ActiveCfg = Release|Any CPU
		{2549C33B-912C-40B2-BD59-C9EA2502A50E}.Release|Any CPU.Build.0 = Release|Any CPU
		{2549C33B-912C-40B2-BD59-C9EA2502A50E}.Release|x64.ActiveCfg = Release|Any CPU
		{2549C33B-912C-40B2-BD59-C9EA2502A50E}.Release|x64.Build.0 = Release|Any CPU
		{2549C33B-912C-40B2-BD59-C9EA2502A50E}.Release|x86.ActiveCfg = Release|Any CPU
		{2549C33B-912C-40B2-BD59-C9EA2502A50E}.Release|x86.Build.0 = Release|Any CPU
	EndGlobalSection
	GlobalSection(SolutionProperties) = preSolution
		HideSolutionNode = FALSE
	EndGlobalSection
	GlobalSection(NestedProjects) = preSolution
		{43C94ACE-7D2D-4727-B981-D047CD93F33C} = {2144AE44-1CE7-4615-8EAD-A2D4B5510EE5}
		{0959DBE1-C614-4FF5-8BDF-91A04265C0EE} = {2144AE44-1CE7-4615-8EAD-A2D4B5510EE5}
		{BC7287C9-7263-47FC-89AA-B66155B29BAA} = {6F861892-B3A0-4BEA-B131-0D67ADEB9E94}
		{8FC3A4AA-2ADE-4E3B-B87C-ACBD2A2B3243} = {6F861892-B3A0-4BEA-B131-0D67ADEB9E94}
		{D4F7B3C1-8E2A-4D9C-A7F1-3C5E8D2F9A4B} = {6F861892-B3A0-4BEA-B131-0D67ADEB9E94}
		{8A5C607A-DB3F-4483-8622-F6A34415AACF} = {46AA9E2C-4DE1-4410-993B-BB42808D321A}
		{5EA322F7-FCB8-44B8-860E-61C571CAD28A} = {46AA9E2C-4DE1-4410-993B-BB42808D321A}
		{A8F9E1D2-7C4B-4E9A-B2D3-5F6A8C9E1D4F} = {46AA9E2C-4DE1-4410-993B-BB42808D321A}
		{4AC37E0B-5C06-4B42-B2D4-C0D169F665FF} = {46AA9E2C-4DE1-4410-993B-BB42808D321A}
		{2549C33B-912C-40B2-BD59-C9EA2502A50E} = {46AA9E2C-4DE1-4410-993B-BB42808D321A}
	EndGlobalSection
EndGlobal
