
Microsoft Visual Studio Solution File, Format Version 12.00
Project("{FAE04EC0-301F-11D3-BF4B-00C04F79EFBC}") = "PaymentProcessorApp", "PaymentProcessorApp\PaymentProcessorApp.csproj", "{C6EF0F3E-C9DF-433A-8B26-D9E0263CE36D}"
EndProject
Project("{FAE04EC0-301F-11D3-BF4B-00C04F79EFBC}") = "CheckReader", "CheckReader\CheckReader.csproj", "{43C94ACE-7D2D-4727-B981-D047CD93F33C}"
EndProject
Project("{FAE04EC0-301F-11D3-BF4B-00C04F79EFBC}") = "CheckReader.Tests", "CheckReader.Tests\CheckReader.Tests.csproj", "{0959DBE1-C614-4FF5-8BDF-91A04265C0EE}"
EndProject
Global
	GlobalSection(SolutionConfigurationPlatforms) = preSolution
		Debug|Any CPU = Debug|Any CPU
		Debug|x64 = Debug|x64
		Debug|x86 = Debug|x86
		Release|Any CPU = Release|Any CPU
		Release|x64 = Release|x64
		Release|x86 = Release|x86
	EndGlobalSection
	GlobalSection(ProjectConfigurationPlatforms) = postSolution
		{C6EF0F3E-C9DF-433A-8B26-D9E0263CE36D}.Debug|Any CPU.ActiveCfg = Debug|Any CPU
		{C6EF0F3E-C9DF-433A-8B26-D9E0263CE36D}.Debug|Any CPU.Build.0 = Debug|Any CPU
		{C6EF0F3E-C9DF-433A-8B26-D9E0263CE36D}.Debug|x64.ActiveCfg = Debug|Any CPU
		{C6EF0F3E-C9DF-433A-8B26-D9E0263CE36D}.Debug|x64.Build.0 = Debug|Any CPU
		{C6EF0F3E-C9DF-433A-8B26-D9E0263CE36D}.Debug|x86.ActiveCfg = Debug|Any CPU
		{C6EF0F3E-C9DF-433A-8B26-D9E0263CE36D}.Debug|x86.Build.0 = Debug|Any CPU
		{C6EF0F3E-C9DF-433A-8B26-D9E0263CE36D}.Release|Any CPU.ActiveCfg = Release|Any CPU
		{C6EF0F3E-C9DF-433A-8B26-D9E0263CE36D}.Release|Any CPU.Build.0 = Release|Any CPU
		{C6EF0F3E-C9DF-433A-8B26-D9E0263CE36D}.Release|x64.ActiveCfg = Release|Any CPU
		{C6EF0F3E-C9DF-433A-8B26-D9E0263CE36D}.Release|x64.Build.0 = Release|Any CPU
		{C6EF0F3E-C9DF-433A-8B26-D9E0263CE36D}.Release|x86.ActiveCfg = Release|Any CPU
		{C6EF0F3E-C9DF-433A-8B26-D9E0263CE36D}.Release|x86.Build.0 = Release|Any CPU
		{43C94ACE-7D2D-4727-B981-D047CD93F33C}.Debug|Any CPU.ActiveCfg = Debug|Any CPU
		{43C94ACE-7D2D-4727-B981-D047CD93F33C}.Debug|Any CPU.Build.0 = Debug|Any CPU
		{43C94ACE-7D2D-4727-B981-D047CD93F33C}.Debug|x64.ActiveCfg = Debug|Any CPU
		{43C94ACE-7D2D-4727-B981-D047CD93F33C}.Debug|x64.Build.0 = Debug|Any CPU
		{43C94ACE-7D2D-4727-B981-D047CD93F33C}.Debug|x86.ActiveCfg = Debug|Any CPU
		{43C94ACE-7D2D-4727-B981-D047CD93F33C}.Debug|x86.Build.0 = Debug|Any CPU
		{43C94ACE-7D2D-4727-B981-D047CD93F33C}.Release|Any CPU.ActiveCfg = Release|Any CPU
		{43C94ACE-7D2D-4727-B981-D047CD93F33C}.Release|Any CPU.Build.0 = Release|Any CPU
		{43C94ACE-7D2D-4727-B981-D047CD93F33C}.Release|x64.ActiveCfg = Release|Any CPU
		{43C94ACE-7D2D-4727-B981-D047CD93F33C}.Release|x64.Build.0 = Release|Any CPU
		{43C94ACE-7D2D-4727-B981-D047CD93F33C}.Release|x86.ActiveCfg = Release|Any CPU
		{43C94ACE-7D2D-4727-B981-D047CD93F33C}.Release|x86.Build.0 = Release|Any CPU
		{0959DBE1-C614-4FF5-8BDF-91A04265C0EE}.Debug|Any CPU.ActiveCfg = Debug|Any CPU
		{0959DBE1-C614-4FF5-8BDF-91A04265C0EE}.Debug|Any CPU.Build.0 = Debug|Any CPU
		{0959DBE1-C614-4FF5-8BDF-91A04265C0EE}.Debug|x64.ActiveCfg = Debug|Any CPU
		{0959DBE1-C614-4FF5-8BDF-91A04265C0EE}.Debug|x64.Build.0 = Debug|Any CPU
		{0959DBE1-C614-4FF5-8BDF-91A04265C0EE}.Debug|x86.ActiveCfg = Debug|Any CPU
		{0959DBE1-C614-4FF5-8BDF-91A04265C0EE}.Debug|x86.Build.0 = Debug|Any CPU
		{0959DBE1-C614-4FF5-8BDF-91A04265C0EE}.Release|Any CPU.ActiveCfg = Release|Any CPU
		{0959DBE1-C614-4FF5-8BDF-91A04265C0EE}.Release|Any CPU.Build.0 = Release|Any CPU
		{0959DBE1-C614-4FF5-8BDF-91A04265C0EE}.Release|x64.ActiveCfg = Release|Any CPU
		{0959DBE1-C614-4FF5-8BDF-91A04265C0EE}.Release|x64.Build.0 = Release|Any CPU
		{0959DBE1-C614-4FF5-8BDF-91A04265C0EE}.Release|x86.ActiveCfg = Release|Any CPU
		{0959DBE1-C614-4FF5-8BDF-91A04265C0EE}.Release|x86.Build.0 = Release|Any CPU
	EndGlobalSection
	GlobalSection(SolutionProperties) = preSolution
		HideSolutionNode = FALSE
	EndGlobalSection
EndGlobal
